
Microsoft Visual Studio Solution File, Format Version 12.00
# Visual Studio Version 16
VisualStudioVersion = 16.0.32929.386
MinimumVisualStudioVersion = 10.0.40219.1
Project("{FAE04EC0-301F-11D3-BF4B-00C04F79EFBC}") = "Travel__Itenerary2.Server", "Travel__Itenerary2\Server\Travel__Itenerary2.Server.csproj", "{65AD448B-7AB8-4042-A39C-4248FE39DABA}"
EndProject
Project("{FAE04EC0-301F-11D3-BF4B-00C04F79EFBC}") = "Travel__Itenerary2.Client", "Travel__Itenerary2\Client\Travel__Itenerary2.Client.csproj", "{A841F49B-24B7-488C-8CA5-B8FFF3CA5CC1}"
EndProject
Project("{FAE04EC0-301F-11D3-BF4B-00C04F79EFBC}") = "Travel__Itenerary2.Shared", "Travel__Itenerary2\Shared\Travel__Itenerary2.Shared.csproj", "{01566F67-3FBA-45C9-BEB2-CD8725F45371}"
EndProject
Global
	GlobalSection(SolutionConfigurationPlatforms) = preSolution
		Debug|Any CPU = Debug|Any CPU
		Release|Any CPU = Release|Any CPU
	EndGlobalSection
	GlobalSection(ProjectConfigurationPlatforms) = postSolution
		{65AD448B-7AB8-4042-A39C-4248FE39DABA}.Debug|Any CPU.ActiveCfg = Debug|Any CPU
		{65AD448B-7AB8-4042-A39C-4248FE39DABA}.Debug|Any CPU.Build.0 = Debug|Any CPU
		{65AD448B-7AB8-4042-A39C-4248FE39DABA}.Release|Any CPU.ActiveCfg = Release|Any CPU
		{65AD448B-7AB8-4042-A39C-4248FE39DABA}.Release|Any CPU.Build.0 = Release|Any CPU
		{A841F49B-24B7-488C-8CA5-B8FFF3CA5CC1}.Debug|Any CPU.ActiveCfg = Debug|Any CPU
		{A841F49B-24B7-488C-8CA5-B8FFF3CA5CC1}.Debug|Any CPU.Build.0 = Debug|Any CPU
		{A841F49B-24B7-488C-8CA5-B8FFF3CA5CC1}.Release|Any CPU.ActiveCfg = Release|Any CPU
		{A841F49B-24B7-488C-8CA5-B8FFF3CA5CC1}.Release|Any CPU.Build.0 = Release|Any CPU
		{01566F67-3FBA-45C9-BEB2-CD8725F45371}.Debug|Any CPU.ActiveCfg = Debug|Any CPU
		{01566F67-3FBA-45C9-BEB2-CD8725F45371}.Debug|Any CPU.Build.0 = Debug|Any CPU
		{01566F67-3FBA-45C9-BEB2-CD8725F45371}.Release|Any CPU.ActiveCfg = Release|Any CPU
		{01566F67-3FBA-45C9-BEB2-CD8725F45371}.Release|Any CPU.Build.0 = Release|Any CPU
	EndGlobalSection
	GlobalSection(SolutionProperties) = preSolution
		HideSolutionNode = FALSE
	EndGlobalSection
	GlobalSection(ExtensibilityGlobals) = postSolution
		SolutionGuid = {5FC53EBF-FDFB-45C0-BE4D-E7BF6EA360C5}
	EndGlobalSection
EndGlobal
